
Microsoft Visual Studio Solution File, Format Version 12.00
# Visual Studio Version 16
VisualStudioVersion = 16.0.31410.357
MinimumVisualStudioVersion = 10.0.40219.1
Project("{2150E333-8FDC-42A3-9474-1A3956D46DE8}") = "Services", "Services", "{66FCED07-A310-4B5A-A6C2-612A5D2A841C}"
EndProject
Project("{2150E333-8FDC-42A3-9474-1A3956D46DE8}") = "Catalog", "Catalog", "{67298E4A-3C92-4275-9723-73174A88797F}"
EndProject
Project("{9A19103F-16F7-4668-BE54-9A1E7A4F7556}") = "Catalog.API", "Services\Catalog\Catalog.API\Catalog.API.csproj", "{70AB534B-BE6D-4967-8D84-32CB3BAA55A8}"
EndProject
Project("{E53339B2-1760-4266-BCC7-CA923CBCF16C}") = "docker-compose", "docker-compose.dcproj", "{59C1333C-67D2-42DE-89B5-6FA0D4A44E5A}"
EndProject
Project("{2150E333-8FDC-42A3-9474-1A3956D46DE8}") = "Shared", "Shared", "{C7EEBF74-8421-4191-8A61-A81D3DED4CCA}"
EndProject
Project("{2150E333-8FDC-42A3-9474-1A3956D46DE8}") = "Basket", "Basket", "{634A4AE4-652C-48DE-8864-AE8A5596948D}"
EndProject
Project("{9A19103F-16F7-4668-BE54-9A1E7A4F7556}") = "Basket.API", "Services\Basket\Basket.API\Basket.API.csproj", "{5AAABE75-E8C8-46F9-B72D-9F0D2294CE94}"
EndProject
Project("{2150E333-8FDC-42A3-9474-1A3956D46DE8}") = "Discount", "Discount", "{220474CE-1B80-47CC-8909-71D865D651C7}"
EndProject
Project("{9A19103F-16F7-4668-BE54-9A1E7A4F7556}") = "Discount.API", "Services\Discount\Discount.API\Discount.API.csproj", "{91F7E610-3798-45CB-BA3E-A940EC25E2CC}"
EndProject
Project("{9A19103F-16F7-4668-BE54-9A1E7A4F7556}") = "Discount.Grpc", "Services\Discount\Discount.Grpc\Discount.Grpc.csproj", "{F80C9387-7AF3-46BB-A3B0-EC2E2F84B07E}"
EndProject
Project("{2150E333-8FDC-42A3-9474-1A3956D46DE8}") = "Ordering", "Ordering", "{E38ECF03-3F7C-4071-977C-A61E10616CAA}"
EndProject
Project("{FAE04EC0-301F-11D3-BF4B-00C04F79EFBC}") = "Ordering.API", "Services\Ordering\Ordering.API\Ordering.API.csproj", "{124FBB17-0708-4151-9879-9E518AF1BFB0}"
EndProject
Project("{FAE04EC0-301F-11D3-BF4B-00C04F79EFBC}") = "Ordering.Domain", "Services\Ordering\Ordering.Domain\Ordering.Domain.csproj", "{DDEDF428-2FC4-488B-BAE6-DF5C2CEEF15E}"
EndProject
Project("{FAE04EC0-301F-11D3-BF4B-00C04F79EFBC}") = "Ordering.Application", "Services\Ordering\Ordering.Application\Ordering.Application.csproj", "{8547B563-EE76-409F-A8A2-7C6B9D4E4CFD}"
EndProject
Project("{FAE04EC0-301F-11D3-BF4B-00C04F79EFBC}") = "Ordering.Infrastructure", "Services\Ordering\Ordering.Infrastructure\Ordering.Infrastructure.csproj", "{D6D52C8B-48D8-4C5B-8A22-64439523E1F7}"
EndProject
Global
	GlobalSection(SolutionConfigurationPlatforms) = preSolution
		Debug|Any CPU = Debug|Any CPU
		Release|Any CPU = Release|Any CPU
	EndGlobalSection
	GlobalSection(ProjectConfigurationPlatforms) = postSolution
		{70AB534B-BE6D-4967-8D84-32CB3BAA55A8}.Debug|Any CPU.ActiveCfg = Debug|Any CPU
		{70AB534B-BE6D-4967-8D84-32CB3BAA55A8}.Debug|Any CPU.Build.0 = Debug|Any CPU
		{70AB534B-BE6D-4967-8D84-32CB3BAA55A8}.Release|Any CPU.ActiveCfg = Release|Any CPU
		{70AB534B-BE6D-4967-8D84-32CB3BAA55A8}.Release|Any CPU.Build.0 = Release|Any CPU
		{59C1333C-67D2-42DE-89B5-6FA0D4A44E5A}.Debug|Any CPU.ActiveCfg = Debug|Any CPU
		{59C1333C-67D2-42DE-89B5-6FA0D4A44E5A}.Debug|Any CPU.Build.0 = Debug|Any CPU
		{59C1333C-67D2-42DE-89B5-6FA0D4A44E5A}.Release|Any CPU.ActiveCfg = Release|Any CPU
		{59C1333C-67D2-42DE-89B5-6FA0D4A44E5A}.Release|Any CPU.Build.0 = Release|Any CPU
		{5AAABE75-E8C8-46F9-B72D-9F0D2294CE94}.Debug|Any CPU.ActiveCfg = Debug|Any CPU
		{5AAABE75-E8C8-46F9-B72D-9F0D2294CE94}.Debug|Any CPU.Build.0 = Debug|Any CPU
		{5AAABE75-E8C8-46F9-B72D-9F0D2294CE94}.Release|Any CPU.ActiveCfg = Release|Any CPU
		{5AAABE75-E8C8-46F9-B72D-9F0D2294CE94}.Release|Any CPU.Build.0 = Release|Any CPU
		{91F7E610-3798-45CB-BA3E-A940EC25E2CC}.Debug|Any CPU.ActiveCfg = Debug|Any CPU
		{91F7E610-3798-45CB-BA3E-A940EC25E2CC}.Debug|Any CPU.Build.0 = Debug|Any CPU
		{91F7E610-3798-45CB-BA3E-A940EC25E2CC}.Release|Any CPU.ActiveCfg = Release|Any CPU
		{91F7E610-3798-45CB-BA3E-A940EC25E2CC}.Release|Any CPU.Build.0 = Release|Any CPU
		{F80C9387-7AF3-46BB-A3B0-EC2E2F84B07E}.Debug|Any CPU.ActiveCfg = Debug|Any CPU
		{F80C9387-7AF3-46BB-A3B0-EC2E2F84B07E}.Debug|Any CPU.Build.0 = Debug|Any CPU
		{F80C9387-7AF3-46BB-A3B0-EC2E2F84B07E}.Release|Any CPU.ActiveCfg = Release|Any CPU
		{F80C9387-7AF3-46BB-A3B0-EC2E2F84B07E}.Release|Any CPU.Build.0 = Release|Any CPU
		{124FBB17-0708-4151-9879-9E518AF1BFB0}.Debug|Any CPU.ActiveCfg = Debug|Any CPU
		{124FBB17-0708-4151-9879-9E518AF1BFB0}.Debug|Any CPU.Build.0 = Debug|Any CPU
		{124FBB17-0708-4151-9879-9E518AF1BFB0}.Release|Any CPU.ActiveCfg = Release|Any CPU
		{124FBB17-0708-4151-9879-9E518AF1BFB0}.Release|Any CPU.Build.0 = Release|Any CPU
		{DDEDF428-2FC4-488B-BAE6-DF5C2CEEF15E}.Debug|Any CPU.ActiveCfg = Debug|Any CPU
		{DDEDF428-2FC4-488B-BAE6-DF5C2CEEF15E}.Debug|Any CPU.Build.0 = Debug|Any CPU
		{DDEDF428-2FC4-488B-BAE6-DF5C2CEEF15E}.Release|Any CPU.ActiveCfg = Release|Any CPU
		{DDEDF428-2FC4-488B-BAE6-DF5C2CEEF15E}.Release|Any CPU.Build.0 = Release|Any CPU
		{8547B563-EE76-409F-A8A2-7C6B9D4E4CFD}.Debug|Any CPU.ActiveCfg = Debug|Any CPU
		{8547B563-EE76-409F-A8A2-7C6B9D4E4CFD}.Debug|Any CPU.Build.0 = Debug|Any CPU
		{8547B563-EE76-409F-A8A2-7C6B9D4E4CFD}.Release|Any CPU.ActiveCfg = Release|Any CPU
		{8547B563-EE76-409F-A8A2-7C6B9D4E4CFD}.Release|Any CPU.Build.0 = Release|Any CPU
		{D6D52C8B-48D8-4C5B-8A22-64439523E1F7}.Debug|Any CPU.ActiveCfg = Debug|Any CPU
		{D6D52C8B-48D8-4C5B-8A22-64439523E1F7}.Debug|Any CPU.Build.0 = Debug|Any CPU
		{D6D52C8B-48D8-4C5B-8A22-64439523E1F7}.Release|Any CPU.ActiveCfg = Release|Any CPU
		{D6D52C8B-48D8-4C5B-8A22-64439523E1F7}.Release|Any CPU.Build.0 = Release|Any CPU
	EndGlobalSection
	GlobalSection(SolutionProperties) = preSolution
		HideSolutionNode = FALSE
	EndGlobalSection
	GlobalSection(NestedProjects) = preSolution
		{67298E4A-3C92-4275-9723-73174A88797F} = {66FCED07-A310-4B5A-A6C2-612A5D2A841C}
		{70AB534B-BE6D-4967-8D84-32CB3BAA55A8} = {67298E4A-3C92-4275-9723-73174A88797F}
		{634A4AE4-652C-48DE-8864-AE8A5596948D} = {66FCED07-A310-4B5A-A6C2-612A5D2A841C}
		{5AAABE75-E8C8-46F9-B72D-9F0D2294CE94} = {634A4AE4-652C-48DE-8864-AE8A5596948D}
		{220474CE-1B80-47CC-8909-71D865D651C7} = {66FCED07-A310-4B5A-A6C2-612A5D2A841C}
		{91F7E610-3798-45CB-BA3E-A940EC25E2CC} = {220474CE-1B80-47CC-8909-71D865D651C7}
		{F80C9387-7AF3-46BB-A3B0-EC2E2F84B07E} = {220474CE-1B80-47CC-8909-71D865D651C7}
		{E38ECF03-3F7C-4071-977C-A61E10616CAA} = {66FCED07-A310-4B5A-A6C2-612A5D2A841C}
		{124FBB17-0708-4151-9879-9E518AF1BFB0} = {E38ECF03-3F7C-4071-977C-A61E10616CAA}
		{DDEDF428-2FC4-488B-BAE6-DF5C2CEEF15E} = {E38ECF03-3F7C-4071-977C-A61E10616CAA}
		{8547B563-EE76-409F-A8A2-7C6B9D4E4CFD} = {E38ECF03-3F7C-4071-977C-A61E10616CAA}
		{D6D52C8B-48D8-4C5B-8A22-64439523E1F7} = {E38ECF03-3F7C-4071-977C-A61E10616CAA}
	EndGlobalSection
	GlobalSection(ExtensibilityGlobals) = postSolution
		SolutionGuid = {10C037F3-7A2A-4B58-B5B5-452076E3BDF4}
	EndGlobalSection
EndGlobal
